
Microsoft Visual Studio Solution File, Format Version 12.00
# Visual Studio Version 16
VisualStudioVersion = 16.0.31129.286
MinimumVisualStudioVersion = 10.0.40219.1
Project("{FAE04EC0-301F-11D3-BF4B-00C04F79EFBC}") = "Explorer", "Explorer\Explorer.csproj", "{C5011E8C-77BE-4ECD-AE71-53B53CFEF68D}"
EndProject
Global
	GlobalSection(SolutionConfigurationPlatforms) = preSolution
		Debug|Any CPU = Debug|Any CPU
		Release|Any CPU = Release|Any CPU
	EndGlobalSection
	GlobalSection(ProjectConfigurationPlatforms) = postSolution
		{C5011E8C-77BE-4ECD-AE71-53B53CFEF68D}.Debug|Any CPU.ActiveCfg = Debug|Any CPU
		{C5011E8C-77BE-4ECD-AE71-53B53CFEF68D}.Debug|Any CPU.Build.0 = Debug|Any CPU
		{C5011E8C-77BE-4ECD-AE71-53B53CFEF68D}.Release|Any CPU.ActiveCfg = Release|Any CPU
		{C5011E8C-77BE-4ECD-AE71-53B53CFEF68D}.Release|Any CPU.Build.0 = Release|Any CPU
	EndGlobalSection
	GlobalSection(SolutionProperties) = preSolution
		HideSolutionNode = FALSE
	EndGlobalSection
	GlobalSection(ExtensibilityGlobals) = postSolution
		SolutionGuid = {8C2AA815-380E-4EB2-9419-4B195B3370BF}
	EndGlobalSection
EndGlobal
